
Microsoft Visual Studio Solution File, Format Version 12.00
# Visual Studio Version 17
VisualStudioVersion = 17.5.002.0
MinimumVisualStudioVersion = 10.0.40219.1
Project("{9A19103F-16F7-4668-BE54-9A1E7A4F7556}") = "MyShop", "MyShop.csproj", "{048E7A05-83FA-4236-89E1-FEE488A0FEBF}"
EndProject
Global
	GlobalSection(SolutionConfigurationPlatforms) = preSolution
		Debug|Any CPU = Debug|Any CPU
		Release|Any CPU = Release|Any CPU
	EndGlobalSection
	GlobalSection(ProjectConfigurationPlatforms) = postSolution
		{048E7A05-83FA-4236-89E1-FEE488A0FEBF}.Debug|Any CPU.ActiveCfg = Debug|Any CPU
		{048E7A05-83FA-4236-89E1-FEE488A0FEBF}.Debug|Any CPU.Build.0 = Debug|Any CPU
		{048E7A05-83FA-4236-89E1-FEE488A0FEBF}.Release|Any CPU.ActiveCfg = Release|Any CPU
		{048E7A05-83FA-4236-89E1-FEE488A0FEBF}.Release|Any CPU.Build.0 = Release|Any CPU
	EndGlobalSection
	GlobalSection(SolutionProperties) = preSolution
		HideSolutionNode = FALSE
	EndGlobalSection
	GlobalSection(ExtensibilityGlobals) = postSolution
		SolutionGuid = {8083828B-7159-4AF5-BA0F-191F2230617D}
	EndGlobalSection
EndGlobal
